
Microsoft Visual Studio Solution File, Format Version 12.00
# Visual Studio 14
VisualStudioVersion = 14.0.23107.0
MinimumVisualStudioVersion = 10.0.40219.1
Project("{8BC9CEB8-8B4A-11D0-8D11-00A0C91BC942}") = "Server", "Server\Server.vcxproj", "{3515A656-2CCE-4EBB-B880-BD16901D9000}"
EndProject
Project("{8BC9CEB8-8B4A-11D0-8D11-00A0C91BC942}") = "Client", "Client\Client.vcxproj", "{61E3D4FF-1419-4233-A117-340FAC38D27B}"
EndProject
Global
	GlobalSection(SolutionConfigurationPlatforms) = preSolution
		Debug|x64 = Debug|x64
		Debug|x86 = Debug|x86
		Release|x64 = Release|x64
		Release|x86 = Release|x86
	EndGlobalSection
	GlobalSection(ProjectConfigurationPlatforms) = postSolution
		{3515A656-2CCE-4EBB-B880-BD16901D9000}.Debug|x64.ActiveCfg = Debug|x64
		{3515A656-2CCE-4EBB-B880-BD16901D9000}.Debug|x64.Build.0 = Debug|x64
		{3515A656-2CCE-4EBB-B880-BD16901D9000}.Debug|x86.ActiveCfg = Debug|Win32
		{3515A656-2CCE-4EBB-B880-BD16901D9000}.Debug|x86.Build.0 = Debug|Win32
		{3515A656-2CCE-4EBB-B880-BD16901D9000}.Release|x64.ActiveCfg = Release|x64
		{3515A656-2CCE-4EBB-B880-BD16901D9000}.Release|x64.Build.0 = Release|x64
		{3515A656-2CCE-4EBB-B880-BD16901D9000}.Release|x86.ActiveCfg = Release|Win32
		{3515A656-2CCE-4EBB-B880-BD16901D9000}.Release|x86.Build.0 = Release|Win32
		{61E3D4FF-1419-4233-A117-340FAC38D27B}.Debug|x64.ActiveCfg = Debug|x64
		{61E3D4FF-1419-4233-A117-340FAC38D27B}.Debug|x64.Build.0 = Debug|x64
		{61E3D4FF-1419-4233-A117-340FAC38D27B}.Debug|x86.ActiveCfg = Debug|Win32
		{61E3D4FF-1419-4233-A117-340FAC38D27B}.Debug|x86.Build.0 = Debug|Win32
		{61E3D4FF-1419-4233-A117-340FAC38D27B}.Release|x64.ActiveCfg = Release|x64
		{61E3D4FF-1419-4233-A117-340FAC38D27B}.Release|x64.Build.0 = Release|x64
		{61E3D4FF-1419-4233-A117-340FAC38D27B}.Release|x86.ActiveCfg = Release|Win32
		{61E3D4FF-1419-4233-A117-340FAC38D27B}.Release|x86.Build.0 = Release|Win32
	EndGlobalSection
	GlobalSection(SolutionProperties) = preSolution
		HideSolutionNode = FALSE
	EndGlobalSection
EndGlobal
